
Microsoft Visual Studio Solution File, Format Version 12.00
# Visual Studio Version 17
VisualStudioVersion = 17.3.32819.101
MinimumVisualStudioVersion = 10.0.40219.1
Project("{FAE04EC0-301F-11D3-BF4B-00C04F79EFBC}") = "CalculatorAssessment", "CalculatorAssessment\CalculatorAssessment.csproj", "{5618365C-D5CF-4553-8750-7D5C553BAC1C}"
EndProject
Global
	GlobalSection(SolutionConfigurationPlatforms) = preSolution
		Debug|Any CPU = Debug|Any CPU
		Release|Any CPU = Release|Any CPU
	EndGlobalSection
	GlobalSection(ProjectConfigurationPlatforms) = postSolution
		{5618365C-D5CF-4553-8750-7D5C553BAC1C}.Debug|Any CPU.ActiveCfg = Debug|Any CPU
		{5618365C-D5CF-4553-8750-7D5C553BAC1C}.Debug|Any CPU.Build.0 = Debug|Any CPU
		{5618365C-D5CF-4553-8750-7D5C553BAC1C}.Release|Any CPU.ActiveCfg = Release|Any CPU
		{5618365C-D5CF-4553-8750-7D5C553BAC1C}.Release|Any CPU.Build.0 = Release|Any CPU
	EndGlobalSection
	GlobalSection(SolutionProperties) = preSolution
		HideSolutionNode = FALSE
	EndGlobalSection
	GlobalSection(ExtensibilityGlobals) = postSolution
		SolutionGuid = {A95997B1-EA19-4F94-9EAD-0863163A03C0}
	EndGlobalSection
EndGlobal
